// !$*UTF8*$!
{
	archiveVersion = 1;
	classes = {
	};
	objectVersion = 52;
	objects = {

/* Begin PBXBuildFile section */
		420B2DC2257262E40010BAEA /* BackgroundView.swift in Sources */ = {isa = PBXBuildFile; fileRef = 420B2DC1257262E40010BAEA /* BackgroundView.swift */; };
		420B2DC8257275740010BAEA /* PKMPokemonType.swift in Sources */ = {isa = PBXBuildFile; fileRef = 420B2DC7257275740010BAEA /* PKMPokemonType.swift */; };
		420B2DD22572A8BB0010BAEA /* SearchBar.swift in Sources */ = {isa = PBXBuildFile; fileRef = 420B2DD12572A8BB0010BAEA /* SearchBar.swift */; };
		420B2DD92572B9040010BAEA /* ShineButton.swift in Sources */ = {isa = PBXBuildFile; fileRef = 420B2DD82572B9040010BAEA /* ShineButton.swift */; };
		426B98D72571AC5900516642 /* ProgressBar.swift in Sources */ = {isa = PBXBuildFile; fileRef = 426B98D62571AC5900516642 /* ProgressBar.swift */; };
		4278A0492571AA9F0053571A /* Walkway_Bold.ttf in Resources */ = {isa = PBXBuildFile; fileRef = 4278A0402571AA9F0053571A /* Walkway_Bold.ttf */; };
		4278A04B2571AA9F0053571A /* Walkway_Oblique.ttf in Resources */ = {isa = PBXBuildFile; fileRef = 4278A0422571AA9F0053571A /* Walkway_Oblique.ttf */; };
		4278A04C2571AA9F0053571A /* Walkway_Oblique_SemiBold.ttf in Resources */ = {isa = PBXBuildFile; fileRef = 4278A0432571AA9F0053571A /* Walkway_Oblique_SemiBold.ttf */; };
		4278A04D2571AA9F0053571A /* Walkway_Black.ttf in Resources */ = {isa = PBXBuildFile; fileRef = 4278A0442571AA9F0053571A /* Walkway_Black.ttf */; };
		4278A04E2571AA9F0053571A /* Walkway_SemiBold.ttf in Resources */ = {isa = PBXBuildFile; fileRef = 4278A0452571AA9F0053571A /* Walkway_SemiBold.ttf */; };
		4278A04F2571AA9F0053571A /* Walkway_Oblique_Bold.ttf in Resources */ = {isa = PBXBuildFile; fileRef = 4278A0462571AA9F0053571A /* Walkway_Oblique_Bold.ttf */; };
		4285F3EC25707B08009C8002 /* PokemonCell.swift in Sources */ = {isa = PBXBuildFile; fileRef = 4285F3EB25707B08009C8002 /* PokemonCell.swift */; };
		4285F3F125707FE4009C8002 /* PokemonDetailView.swift in Sources */ = {isa = PBXBuildFile; fileRef = 4285F3F025707FE4009C8002 /* PokemonDetailView.swift */; };
		4285F3F625708535009C8002 /* ImageLoader.swift in Sources */ = {isa = PBXBuildFile; fileRef = 4285F3F525708535009C8002 /* ImageLoader.swift */; };
		4285F41125708ADD009C8002 /* GIFView.swift in Sources */ = {isa = PBXBuildFile; fileRef = 4285F40E25708ADD009C8002 /* GIFView.swift */; };
		4285F41225708ADD009C8002 /* UIImageExtension.swift in Sources */ = {isa = PBXBuildFile; fileRef = 4285F40F25708ADD009C8002 /* UIImageExtension.swift */; };
		4285F41325708ADD009C8002 /* GIFPlayer.swift in Sources */ = {isa = PBXBuildFile; fileRef = 4285F41025708ADD009C8002 /* GIFPlayer.swift */; };
		4285F41625717071009C8002 /* ImageCache.swift in Sources */ = {isa = PBXBuildFile; fileRef = 4285F41525717071009C8002 /* ImageCache.swift */; };
		4285F419257170B2009C8002 /* ImageView.swift in Sources */ = {isa = PBXBuildFile; fileRef = 4285F418257170B2009C8002 /* ImageView.swift */; };
		4285F4232571764B009C8002 /* PokemonSolid.ttf in Resources */ = {isa = PBXBuildFile; fileRef = 4285F4222571764B009C8002 /* PokemonSolid.ttf */; };
		4285F4262571765A009C8002 /* PokemonHollow.ttf in Resources */ = {isa = PBXBuildFile; fileRef = 4285F4252571765A009C8002 /* PokemonHollow.ttf */; };
		4285F42E257176FF009C8002 /* Font.swift in Sources */ = {isa = PBXBuildFile; fileRef = 4285F42D257176FF009C8002 /* Font.swift */; };
		42E1F09A2571BEB000337599 /* PKMPokemon.swift in Sources */ = {isa = PBXBuildFile; fileRef = 42E1F0992571BEB000337599 /* PKMPokemon.swift */; };
		42E1F09D2571CBB100337599 /* CellBackground.swift in Sources */ = {isa = PBXBuildFile; fileRef = 42E1F09C2571CBB100337599 /* CellBackground.swift */; };
		42EB683B257180F80065B741 /* StrokeText.swift in Sources */ = {isa = PBXBuildFile; fileRef = 42EB683A257180F80065B741 /* StrokeText.swift */; };
		42EB683E25718EBD0065B741 /* LoadingView.swift in Sources */ = {isa = PBXBuildFile; fileRef = 42EB683D25718EBD0065B741 /* LoadingView.swift */; };
		42EC833925719C9C00925935 /* Color.swift in Sources */ = {isa = PBXBuildFile; fileRef = 42EC833825719C9C00925935 /* Color.swift */; };
		42F2B76E25706E0E002F60EC /* PokemonTestApp.swift in Sources */ = {isa = PBXBuildFile; fileRef = 42F2B76D25706E0E002F60EC /* PokemonTestApp.swift */; };
		42F2B77025706E0E002F60EC /* ContentView.swift in Sources */ = {isa = PBXBuildFile; fileRef = 42F2B76F25706E0E002F60EC /* ContentView.swift */; };
		42F2B77225706E11002F60EC /* Assets.xcassets in Resources */ = {isa = PBXBuildFile; fileRef = 42F2B77125706E11002F60EC /* Assets.xcassets */; };
		42F2B77525706E11002F60EC /* Preview Assets.xcassets in Resources */ = {isa = PBXBuildFile; fileRef = 42F2B77425706E11002F60EC /* Preview Assets.xcassets */; };
		42F2B77F25706EFA002F60EC /* PokemonAPI in Frameworks */ = {isa = PBXBuildFile; productRef = 42F2B77E25706EFA002F60EC /* PokemonAPI */; };
		42F2B78325706F86002F60EC /* NetworkingCustom.swift in Sources */ = {isa = PBXBuildFile; fileRef = 42F2B78225706F86002F60EC /* NetworkingCustom.swift */; };
/* End PBXBuildFile section */

/* Begin PBXFileReference section */
		420B2DC1257262E40010BAEA /* BackgroundView.swift */ = {isa = PBXFileReference; lastKnownFileType = sourcecode.swift; path = BackgroundView.swift; sourceTree = "<group>"; };
		420B2DC7257275740010BAEA /* PKMPokemonType.swift */ = {isa = PBXFileReference; lastKnownFileType = sourcecode.swift; path = PKMPokemonType.swift; sourceTree = "<group>"; };
		420B2DD12572A8BB0010BAEA /* SearchBar.swift */ = {isa = PBXFileReference; lastKnownFileType = sourcecode.swift; path = SearchBar.swift; sourceTree = "<group>"; };
		420B2DD82572B9040010BAEA /* ShineButton.swift */ = {isa = PBXFileReference; lastKnownFileType = sourcecode.swift; path = ShineButton.swift; sourceTree = "<group>"; };
		426B98D62571AC5900516642 /* ProgressBar.swift */ = {isa = PBXFileReference; lastKnownFileType = sourcecode.swift; path = ProgressBar.swift; sourceTree = "<group>"; };
		4278A0402571AA9F0053571A /* Walkway_Bold.ttf */ = {isa = PBXFileReference; lastKnownFileType = file; path = Walkway_Bold.ttf; sourceTree = "<group>"; };
		4278A0422571AA9F0053571A /* Walkway_Oblique.ttf */ = {isa = PBXFileReference; lastKnownFileType = file; path = Walkway_Oblique.ttf; sourceTree = "<group>"; };
		4278A0432571AA9F0053571A /* Walkway_Oblique_SemiBold.ttf */ = {isa = PBXFileReference; lastKnownFileType = file; path = Walkway_Oblique_SemiBold.ttf; sourceTree = "<group>"; };
		4278A0442571AA9F0053571A /* Walkway_Black.ttf */ = {isa = PBXFileReference; lastKnownFileType = file; path = Walkway_Black.ttf; sourceTree = "<group>"; };
		4278A0452571AA9F0053571A /* Walkway_SemiBold.ttf */ = {isa = PBXFileReference; lastKnownFileType = file; path = Walkway_SemiBold.ttf; sourceTree = "<group>"; };
		4278A0462571AA9F0053571A /* Walkway_Oblique_Bold.ttf */ = {isa = PBXFileReference; lastKnownFileType = file; path = Walkway_Oblique_Bold.ttf; sourceTree = "<group>"; };
		4285F3EB25707B08009C8002 /* PokemonCell.swift */ = {isa = PBXFileReference; lastKnownFileType = sourcecode.swift; path = PokemonCell.swift; sourceTree = "<group>"; };
		4285F3F025707FE4009C8002 /* PokemonDetailView.swift */ = {isa = PBXFileReference; lastKnownFileType = sourcecode.swift; path = PokemonDetailView.swift; sourceTree = "<group>"; };
		4285F3F525708535009C8002 /* ImageLoader.swift */ = {isa = PBXFileReference; lastKnownFileType = sourcecode.swift; path = ImageLoader.swift; sourceTree = "<group>"; };
		4285F40E25708ADD009C8002 /* GIFView.swift */ = {isa = PBXFileReference; fileEncoding = 4; lastKnownFileType = sourcecode.swift; path = GIFView.swift; sourceTree = "<group>"; };
		4285F40F25708ADD009C8002 /* UIImageExtension.swift */ = {isa = PBXFileReference; fileEncoding = 4; lastKnownFileType = sourcecode.swift; path = UIImageExtension.swift; sourceTree = "<group>"; };
		4285F41025708ADD009C8002 /* GIFPlayer.swift */ = {isa = PBXFileReference; fileEncoding = 4; lastKnownFileType = sourcecode.swift; path = GIFPlayer.swift; sourceTree = "<group>"; };
		4285F41525717071009C8002 /* ImageCache.swift */ = {isa = PBXFileReference; lastKnownFileType = sourcecode.swift; path = ImageCache.swift; sourceTree = "<group>"; };
		4285F418257170B2009C8002 /* ImageView.swift */ = {isa = PBXFileReference; lastKnownFileType = sourcecode.swift; path = ImageView.swift; sourceTree = "<group>"; };
		4285F4222571764B009C8002 /* PokemonSolid.ttf */ = {isa = PBXFileReference; lastKnownFileType = file; path = PokemonSolid.ttf; sourceTree = "<group>"; };
		4285F4252571765A009C8002 /* PokemonHollow.ttf */ = {isa = PBXFileReference; lastKnownFileType = file; path = PokemonHollow.ttf; sourceTree = "<group>"; };
		4285F42D257176FF009C8002 /* Font.swift */ = {isa = PBXFileReference; lastKnownFileType = sourcecode.swift; path = Font.swift; sourceTree = "<group>"; };
		42E1F0992571BEB000337599 /* PKMPokemon.swift */ = {isa = PBXFileReference; lastKnownFileType = sourcecode.swift; path = PKMPokemon.swift; sourceTree = "<group>"; };
		42E1F09C2571CBB100337599 /* CellBackground.swift */ = {isa = PBXFileReference; lastKnownFileType = sourcecode.swift; path = CellBackground.swift; sourceTree = "<group>"; };
		42EB683A257180F80065B741 /* StrokeText.swift */ = {isa = PBXFileReference; lastKnownFileType = sourcecode.swift; path = StrokeText.swift; sourceTree = "<group>"; };
		42EB683D25718EBD0065B741 /* LoadingView.swift */ = {isa = PBXFileReference; lastKnownFileType = sourcecode.swift; path = LoadingView.swift; sourceTree = "<group>"; };
		42EC833825719C9C00925935 /* Color.swift */ = {isa = PBXFileReference; lastKnownFileType = sourcecode.swift; path = Color.swift; sourceTree = "<group>"; };
		42F2B76A25706E0E002F60EC /* PokemonTest.app */ = {isa = PBXFileReference; explicitFileType = wrapper.application; includeInIndex = 0; path = PokemonTest.app; sourceTree = BUILT_PRODUCTS_DIR; };
		42F2B76D25706E0E002F60EC /* PokemonTestApp.swift */ = {isa = PBXFileReference; lastKnownFileType = sourcecode.swift; path = PokemonTestApp.swift; sourceTree = "<group>"; };
		42F2B76F25706E0E002F60EC /* ContentView.swift */ = {isa = PBXFileReference; lastKnownFileType = sourcecode.swift; path = ContentView.swift; sourceTree = "<group>"; };
		42F2B77125706E11002F60EC /* Assets.xcassets */ = {isa = PBXFileReference; lastKnownFileType = folder.assetcatalog; path = Assets.xcassets; sourceTree = "<group>"; };
		42F2B77425706E11002F60EC /* Preview Assets.xcassets */ = {isa = PBXFileReference; lastKnownFileType = folder.assetcatalog; path = "Preview Assets.xcassets"; sourceTree = "<group>"; };
		42F2B77625706E11002F60EC /* Info.plist */ = {isa = PBXFileReference; lastKnownFileType = text.plist.xml; path = Info.plist; sourceTree = "<group>"; };
		42F2B78225706F86002F60EC /* NetworkingCustom.swift */ = {isa = PBXFileReference; lastKnownFileType = sourcecode.swift; path = NetworkingCustom.swift; sourceTree = "<group>"; };
/* End PBXFileReference section */

/* Begin PBXFrameworksBuildPhase section */
		42F2B76725706E0E002F60EC /* Frameworks */ = {
			isa = PBXFrameworksBuildPhase;
			buildActionMask = 2147483647;
			files = (
				42F2B77F25706EFA002F60EC /* PokemonAPI in Frameworks */,
			);
			runOnlyForDeploymentPostprocessing = 0;
		};
/* End PBXFrameworksBuildPhase section */

/* Begin PBXGroup section */
		420B2DD42572B8C60010BAEA /* Customs */ = {
			isa = PBXGroup;
			children = (
				42E1F09F2571CBBA00337599 /* Shapes */,
				420B2DD12572A8BB0010BAEA /* SearchBar.swift */,
				4285F418257170B2009C8002 /* ImageView.swift */,
				42EB683A257180F80065B741 /* StrokeText.swift */,
				426B98D62571AC5900516642 /* ProgressBar.swift */,
				420B2DD82572B9040010BAEA /* ShineButton.swift */,
			);
			path = Customs;
			sourceTree = "<group>";
		};
		4285F3E925707AE9009C8002 /* Components */ = {
			isa = PBXGroup;
			children = (
				420B2DD42572B8C60010BAEA /* Customs */,
				4285F3EB25707B08009C8002 /* PokemonCell.swift */,
				4285F3F025707FE4009C8002 /* PokemonDetailView.swift */,
				420B2DC1257262E40010BAEA /* BackgroundView.swift */,
			);
			path = Components;
			sourceTree = "<group>";
		};
		4285F3F425708525009C8002 /* Bindings */ = {
			isa = PBXGroup;
			children = (
				4285F3F525708535009C8002 /* ImageLoader.swift */,
				4285F41525717071009C8002 /* ImageCache.swift */,
			);
			path = Bindings;
			sourceTree = "<group>";
		};
		4285F40C25708AC2009C8002 /* Customs */ = {
			isa = PBXGroup;
			children = (
				4285F42C257176F6009C8002 /* Extensions */,
				4285F40D25708ACD009C8002 /* GIF */,
			);
			path = Customs;
			sourceTree = "<group>";
		};
		4285F40D25708ACD009C8002 /* GIF */ = {
			isa = PBXGroup;
			children = (
				4285F41025708ADD009C8002 /* GIFPlayer.swift */,
				4285F40E25708ADD009C8002 /* GIFView.swift */,
				4285F40F25708ADD009C8002 /* UIImageExtension.swift */,
			);
			path = GIF;
			sourceTree = "<group>";
		};
		4285F41C25717595009C8002 /* SupportingFiles */ = {
			isa = PBXGroup;
			children = (
				4285F4212571763E009C8002 /* Fonts */,
				42F2B76D25706E0E002F60EC /* PokemonTestApp.swift */,
				42F2B77125706E11002F60EC /* Assets.xcassets */,
				42F2B77625706E11002F60EC /* Info.plist */,
			);
			path = SupportingFiles;
			sourceTree = "<group>";
		};
		4285F41E257175CE009C8002 /* Scenes */ = {
			isa = PBXGroup;
			children = (
				42F2B76F25706E0E002F60EC /* ContentView.swift */,
				42EB683D25718EBD0065B741 /* LoadingView.swift */,
			);
			path = Scenes;
			sourceTree = "<group>";
		};
		4285F4212571763E009C8002 /* Fonts */ = {
			isa = PBXGroup;
			children = (
				4278A0442571AA9F0053571A /* Walkway_Black.ttf */,
				4278A0402571AA9F0053571A /* Walkway_Bold.ttf */,
				4278A0462571AA9F0053571A /* Walkway_Oblique_Bold.ttf */,
				4278A0432571AA9F0053571A /* Walkway_Oblique_SemiBold.ttf */,
				4278A0422571AA9F0053571A /* Walkway_Oblique.ttf */,
				4278A0452571AA9F0053571A /* Walkway_SemiBold.ttf */,
				4285F4252571765A009C8002 /* PokemonHollow.ttf */,
				4285F4222571764B009C8002 /* PokemonSolid.ttf */,
			);
			path = Fonts;
			sourceTree = "<group>";
		};
		4285F42C257176F6009C8002 /* Extensions */ = {
			isa = PBXGroup;
			children = (
				4285F42D257176FF009C8002 /* Font.swift */,
				42EC833825719C9C00925935 /* Color.swift */,
				42E1F0992571BEB000337599 /* PKMPokemon.swift */,
				420B2DC7257275740010BAEA /* PKMPokemonType.swift */,
			);
			path = Extensions;
			sourceTree = "<group>";
		};
		42E1F09F2571CBBA00337599 /* Shapes */ = {
			isa = PBXGroup;
			children = (
				42E1F09C2571CBB100337599 /* CellBackground.swift */,
			);
			path = Shapes;
			sourceTree = "<group>";
		};
		42F2B76125706E0E002F60EC = {
			isa = PBXGroup;
			children = (
				42F2B76C25706E0E002F60EC /* PokemonTest */,
				42F2B76B25706E0E002F60EC /* Products */,
			);
			sourceTree = "<group>";
		};
		42F2B76B25706E0E002F60EC /* Products */ = {
			isa = PBXGroup;
			children = (
				42F2B76A25706E0E002F60EC /* PokemonTest.app */,
			);
			name = Products;
			sourceTree = "<group>";
		};
		42F2B76C25706E0E002F60EC /* PokemonTest */ = {
			isa = PBXGroup;
			children = (
				42F2B78125706F71002F60EC /* Services */,
				4285F41E257175CE009C8002 /* Scenes */,
				4285F3E925707AE9009C8002 /* Components */,
				4285F3F425708525009C8002 /* Bindings */,
				4285F40C25708AC2009C8002 /* Customs */,
				4285F41C25717595009C8002 /* SupportingFiles */,
				42F2B77325706E11002F60EC /* Preview Content */,
			);
			path = PokemonTest;
			sourceTree = "<group>";
		};
		42F2B77325706E11002F60EC /* Preview Content */ = {
			isa = PBXGroup;
			children = (
				42F2B77425706E11002F60EC /* Preview Assets.xcassets */,
			);
			path = "Preview Content";
			sourceTree = "<group>";
		};
		42F2B78125706F71002F60EC /* Services */ = {
			isa = PBXGroup;
			children = (
				42F2B78225706F86002F60EC /* NetworkingCustom.swift */,
			);
			path = Services;
			sourceTree = "<group>";
		};
/* End PBXGroup section */

/* Begin PBXNativeTarget section */
		42F2B76925706E0E002F60EC /* PokemonTest */ = {
			isa = PBXNativeTarget;
			buildConfigurationList = 42F2B77925706E11002F60EC /* Build configuration list for PBXNativeTarget "PokemonTest" */;
			buildPhases = (
				42F2B76625706E0E002F60EC /* Sources */,
				42F2B76725706E0E002F60EC /* Frameworks */,
				42F2B76825706E0E002F60EC /* Resources */,
			);
			buildRules = (
			);
			dependencies = (
			);
			name = PokemonTest;
			packageProductDependencies = (
				42F2B77E25706EFA002F60EC /* PokemonAPI */,
			);
			productName = PokemonTest;
			productReference = 42F2B76A25706E0E002F60EC /* PokemonTest.app */;
			productType = "com.apple.product-type.application";
		};
/* End PBXNativeTarget section */

/* Begin PBXProject section */
		42F2B76225706E0E002F60EC /* Project object */ = {
			isa = PBXProject;
			attributes = {
				LastSwiftUpdateCheck = 1210;
				LastUpgradeCheck = 1210;
				TargetAttributes = {
					42F2B76925706E0E002F60EC = {
						CreatedOnToolsVersion = 12.1;
					};
				};
			};
			buildConfigurationList = 42F2B76525706E0E002F60EC /* Build configuration list for PBXProject "PokemonTest" */;
			compatibilityVersion = "Xcode 9.3";
			developmentRegion = en;
			hasScannedForEncodings = 0;
			knownRegions = (
				en,
				Base,
			);
			mainGroup = 42F2B76125706E0E002F60EC;
			packageReferences = (
				42F2B77D25706EFA002F60EC /* XCRemoteSwiftPackageReference "PokemonAPI" */,
			);
			productRefGroup = 42F2B76B25706E0E002F60EC /* Products */;
			projectDirPath = "";
			projectRoot = "";
			targets = (
				42F2B76925706E0E002F60EC /* PokemonTest */,
			);
		};
/* End PBXProject section */

/* Begin PBXResourcesBuildPhase section */
		42F2B76825706E0E002F60EC /* Resources */ = {
			isa = PBXResourcesBuildPhase;
			buildActionMask = 2147483647;
			files = (
				4285F4262571765A009C8002 /* PokemonHollow.ttf in Resources */,
				4285F4232571764B009C8002 /* PokemonSolid.ttf in Resources */,
				42F2B77525706E11002F60EC /* Preview Assets.xcassets in Resources */,
				4278A04E2571AA9F0053571A /* Walkway_SemiBold.ttf in Resources */,
				4278A04F2571AA9F0053571A /* Walkway_Oblique_Bold.ttf in Resources */,
				4278A04D2571AA9F0053571A /* Walkway_Black.ttf in Resources */,
				42F2B77225706E11002F60EC /* Assets.xcassets in Resources */,
				4278A0492571AA9F0053571A /* Walkway_Bold.ttf in Resources */,
				4278A04B2571AA9F0053571A /* Walkway_Oblique.ttf in Resources */,
				4278A04C2571AA9F0053571A /* Walkway_Oblique_SemiBold.ttf in Resources */,
			);
			runOnlyForDeploymentPostprocessing = 0;
		};
/* End PBXResourcesBuildPhase section */

/* Begin PBXSourcesBuildPhase section */
		42F2B76625706E0E002F60EC /* Sources */ = {
			isa = PBXSourcesBuildPhase;
			buildActionMask = 2147483647;
			files = (
				4285F41625717071009C8002 /* ImageCache.swift in Sources */,
				42F2B78325706F86002F60EC /* NetworkingCustom.swift in Sources */,
				420B2DC8257275740010BAEA /* PKMPokemonType.swift in Sources */,
				4285F3F125707FE4009C8002 /* PokemonDetailView.swift in Sources */,
				4285F41325708ADD009C8002 /* GIFPlayer.swift in Sources */,
				4285F419257170B2009C8002 /* ImageView.swift in Sources */,
				420B2DD92572B9040010BAEA /* ShineButton.swift in Sources */,
				42EB683E25718EBD0065B741 /* LoadingView.swift in Sources */,
				426B98D72571AC5900516642 /* ProgressBar.swift in Sources */,
				42E1F09A2571BEB000337599 /* PKMPokemon.swift in Sources */,
				4285F3F625708535009C8002 /* ImageLoader.swift in Sources */,
				4285F3EC25707B08009C8002 /* PokemonCell.swift in Sources */,
				42EC833925719C9C00925935 /* Color.swift in Sources */,
				4285F41125708ADD009C8002 /* GIFView.swift in Sources */,
				4285F42E257176FF009C8002 /* Font.swift in Sources */,
				420B2DD22572A8BB0010BAEA /* SearchBar.swift in Sources */,
				42E1F09D2571CBB100337599 /* CellBackground.swift in Sources */,
				42F2B77025706E0E002F60EC /* ContentView.swift in Sources */,
				42F2B76E25706E0E002F60EC /* PokemonTestApp.swift in Sources */,
				42EB683B257180F80065B741 /* StrokeText.swift in Sources */,
				420B2DC2257262E40010BAEA /* BackgroundView.swift in Sources */,
				4285F41225708ADD009C8002 /* UIImageExtension.swift in Sources */,
			);
			runOnlyForDeploymentPostprocessing = 0;
		};
/* End PBXSourcesBuildPhase section */

/* Begin XCBuildConfiguration section */
		42F2B77725706E11002F60EC /* Debug */ = {
			isa = XCBuildConfiguration;
			buildSettings = {
				ALWAYS_SEARCH_USER_PATHS = NO;
				CLANG_ANALYZER_NONNULL = YES;
				CLANG_ANALYZER_NUMBER_OBJECT_CONVERSION = YES_AGGRESSIVE;
				CLANG_CXX_LANGUAGE_STANDARD = "gnu++14";
				CLANG_CXX_LIBRARY = "libc++";
				CLANG_ENABLE_MODULES = YES;
				CLANG_ENABLE_OBJC_ARC = YES;
				CLANG_ENABLE_OBJC_WEAK = YES;
				CLANG_WARN_BLOCK_CAPTURE_AUTORELEASING = YES;
				CLANG_WARN_BOOL_CONVERSION = YES;
				CLANG_WARN_COMMA = YES;
				CLANG_WARN_CONSTANT_CONVERSION = YES;
				CLANG_WARN_DEPRECATED_OBJC_IMPLEMENTATIONS = YES;
				CLANG_WARN_DIRECT_OBJC_ISA_USAGE = YES_ERROR;
				CLANG_WARN_DOCUMENTATION_COMMENTS = YES;
				CLANG_WARN_EMPTY_BODY = YES;
				CLANG_WARN_ENUM_CONVERSION = YES;
				CLANG_WARN_INFINITE_RECURSION = YES;
				CLANG_WARN_INT_CONVERSION = YES;
				CLANG_WARN_NON_LITERAL_NULL_CONVERSION = YES;
				CLANG_WARN_OBJC_IMPLICIT_RETAIN_SELF = YES;
				CLANG_WARN_OBJC_LITERAL_CONVERSION = YES;
				CLANG_WARN_OBJC_ROOT_CLASS = YES_ERROR;
				CLANG_WARN_QUOTED_INCLUDE_IN_FRAMEWORK_HEADER = YES;
				CLANG_WARN_RANGE_LOOP_ANALYSIS = YES;
				CLANG_WARN_STRICT_PROTOTYPES = YES;
				CLANG_WARN_SUSPICIOUS_MOVE = YES;
				CLANG_WARN_UNGUARDED_AVAILABILITY = YES_AGGRESSIVE;
				CLANG_WARN_UNREACHABLE_CODE = YES;
				CLANG_WARN__DUPLICATE_METHOD_MATCH = YES;
				COPY_PHASE_STRIP = NO;
				DEBUG_INFORMATION_FORMAT = dwarf;
				ENABLE_STRICT_OBJC_MSGSEND = YES;
				ENABLE_TESTABILITY = YES;
				GCC_C_LANGUAGE_STANDARD = gnu11;
				GCC_DYNAMIC_NO_PIC = NO;
				GCC_NO_COMMON_BLOCKS = YES;
				GCC_OPTIMIZATION_LEVEL = 0;
				GCC_PREPROCESSOR_DEFINITIONS = (
					"DEBUG=1",
					"$(inherited)",
				);
				GCC_WARN_64_TO_32_BIT_CONVERSION = YES;
				GCC_WARN_ABOUT_RETURN_TYPE = YES_ERROR;
				GCC_WARN_UNDECLARED_SELECTOR = YES;
				GCC_WARN_UNINITIALIZED_AUTOS = YES_AGGRESSIVE;
				GCC_WARN_UNUSED_FUNCTION = YES;
				GCC_WARN_UNUSED_VARIABLE = YES;
				IPHONEOS_DEPLOYMENT_TARGET = 14.1;
				MTL_ENABLE_DEBUG_INFO = INCLUDE_SOURCE;
				MTL_FAST_MATH = YES;
				ONLY_ACTIVE_ARCH = YES;
				SDKROOT = iphoneos;
				SWIFT_ACTIVE_COMPILATION_CONDITIONS = DEBUG;
				SWIFT_OPTIMIZATION_LEVEL = "-Onone";
			};
			name = Debug;
		};
		42F2B77825706E11002F60EC /* Release */ = {
			isa = XCBuildConfiguration;
			buildSettings = {
				ALWAYS_SEARCH_USER_PATHS = NO;
				CLANG_ANALYZER_NONNULL = YES;
				CLANG_ANALYZER_NUMBER_OBJECT_CONVERSION = YES_AGGRESSIVE;
				CLANG_CXX_LANGUAGE_STANDARD = "gnu++14";
				CLANG_CXX_LIBRARY = "libc++";
				CLANG_ENABLE_MODULES = YES;
				CLANG_ENABLE_OBJC_ARC = YES;
				CLANG_ENABLE_OBJC_WEAK = YES;
				CLANG_WARN_BLOCK_CAPTURE_AUTORELEASING = YES;
				CLANG_WARN_BOOL_CONVERSION = YES;
				CLANG_WARN_COMMA = YES;
				CLANG_WARN_CONSTANT_CONVERSION = YES;
				CLANG_WARN_DEPRECATED_OBJC_IMPLEMENTATIONS = YES;
				CLANG_WARN_DIRECT_OBJC_ISA_USAGE = YES_ERROR;
				CLANG_WARN_DOCUMENTATION_COMMENTS = YES;
				CLANG_WARN_EMPTY_BODY = YES;
				CLANG_WARN_ENUM_CONVERSION = YES;
				CLANG_WARN_INFINITE_RECURSION = YES;
				CLANG_WARN_INT_CONVERSION = YES;
				CLANG_WARN_NON_LITERAL_NULL_CONVERSION = YES;
				CLANG_WARN_OBJC_IMPLICIT_RETAIN_SELF = YES;
				CLANG_WARN_OBJC_LITERAL_CONVERSION = YES;
				CLANG_WARN_OBJC_ROOT_CLASS = YES_ERROR;
				CLANG_WARN_QUOTED_INCLUDE_IN_FRAMEWORK_HEADER = YES;
				CLANG_WARN_RANGE_LOOP_ANALYSIS = YES;
				CLANG_WARN_STRICT_PROTOTYPES = YES;
				CLANG_WARN_SUSPICIOUS_MOVE = YES;
				CLANG_WARN_UNGUARDED_AVAILABILITY = YES_AGGRESSIVE;
				CLANG_WARN_UNREACHABLE_CODE = YES;
				CLANG_WARN__DUPLICATE_METHOD_MATCH = YES;
				COPY_PHASE_STRIP = NO;
				DEBUG_INFORMATION_FORMAT = "dwarf-with-dsym";
				ENABLE_NS_ASSERTIONS = NO;
				ENABLE_STRICT_OBJC_MSGSEND = YES;
				GCC_C_LANGUAGE_STANDARD = gnu11;
				GCC_NO_COMMON_BLOCKS = YES;
				GCC_WARN_64_TO_32_BIT_CONVERSION = YES;
				GCC_WARN_ABOUT_RETURN_TYPE = YES_ERROR;
				GCC_WARN_UNDECLARED_SELECTOR = YES;
				GCC_WARN_UNINITIALIZED_AUTOS = YES_AGGRESSIVE;
				GCC_WARN_UNUSED_FUNCTION = YES;
				GCC_WARN_UNUSED_VARIABLE = YES;
				IPHONEOS_DEPLOYMENT_TARGET = 14.1;
				MTL_ENABLE_DEBUG_INFO = NO;
				MTL_FAST_MATH = YES;
				SDKROOT = iphoneos;
				SWIFT_COMPILATION_MODE = wholemodule;
				SWIFT_OPTIMIZATION_LEVEL = "-O";
				VALIDATE_PRODUCT = YES;
			};
			name = Release;
		};
		42F2B77A25706E11002F60EC /* Debug */ = {
			isa = XCBuildConfiguration;
			buildSettings = {
				ASSETCATALOG_COMPILER_APPICON_NAME = AppIcon;
				ASSETCATALOG_COMPILER_GLOBAL_ACCENT_COLOR_NAME = AccentColor;
				CODE_SIGN_STYLE = Automatic;
				DEVELOPMENT_ASSET_PATHS = "\"PokemonTest/Preview Content\"";
				DEVELOPMENT_TEAM = Q4YKPW2G86;
				ENABLE_PREVIEWS = YES;
				INFOPLIST_FILE = PokemonTest/SupportingFiles/Info.plist;
				IPHONEOS_DEPLOYMENT_TARGET = 14.0;
				LD_RUNPATH_SEARCH_PATHS = (
					"$(inherited)",
					"@executable_path/Frameworks",
				);
				PRODUCT_BUNDLE_IDENTIFIER = GabrielBalta.PokemonTest;
				PRODUCT_NAME = "$(TARGET_NAME)";
				SWIFT_VERSION = 5.0;
				TARGETED_DEVICE_FAMILY = 1;
			};
			name = Debug;
		};
		42F2B77B25706E11002F60EC /* Release */ = {
			isa = XCBuildConfiguration;
			buildSettings = {
				ASSETCATALOG_COMPILER_APPICON_NAME = AppIcon;
				ASSETCATALOG_COMPILER_GLOBAL_ACCENT_COLOR_NAME = AccentColor;
				CODE_SIGN_STYLE = Automatic;
				DEVELOPMENT_ASSET_PATHS = "\"PokemonTest/Preview Content\"";
				DEVELOPMENT_TEAM = Q4YKPW2G86;
				ENABLE_PREVIEWS = YES;
				INFOPLIST_FILE = PokemonTest/SupportingFiles/Info.plist;
				IPHONEOS_DEPLOYMENT_TARGET = 14.0;
				LD_RUNPATH_SEARCH_PATHS = (
					"$(inherited)",
					"@executable_path/Frameworks",
				);
				PRODUCT_BUNDLE_IDENTIFIER = GabrielBalta.PokemonTest;
				PRODUCT_NAME = "$(TARGET_NAME)";
				SWIFT_VERSION = 5.0;
				TARGETED_DEVICE_FAMILY = 1;
			};
			name = Release;
		};
/* End XCBuildConfiguration section */

/* Begin XCConfigurationList section */
		42F2B76525706E0E002F60EC /* Build configuration list for PBXProject "PokemonTest" */ = {
			isa = XCConfigurationList;
			buildConfigurations = (
				42F2B77725706E11002F60EC /* Debug */,
				42F2B77825706E11002F60EC /* Release */,
			);
			defaultConfigurationIsVisible = 0;
			defaultConfigurationName = Release;
		};
		42F2B77925706E11002F60EC /* Build configuration list for PBXNativeTarget "PokemonTest" */ = {
			isa = XCConfigurationList;
			buildConfigurations = (
				42F2B77A25706E11002F60EC /* Debug */,
				42F2B77B25706E11002F60EC /* Release */,
			);
			defaultConfigurationIsVisible = 0;
			defaultConfigurationName = Release;
		};
/* End XCConfigurationList section */

/* Begin XCRemoteSwiftPackageReference section */
		42F2B77D25706EFA002F60EC /* XCRemoteSwiftPackageReference "PokemonAPI" */ = {
			isa = XCRemoteSwiftPackageReference;
			repositoryURL = "https://github.com/kinkofer/PokemonAPI";
			requirement = {
				kind = upToNextMajorVersion;
				minimumVersion = 6.0.2;
			};
		};
/* End XCRemoteSwiftPackageReference section */

/* Begin XCSwiftPackageProductDependency section */
		42F2B77E25706EFA002F60EC /* PokemonAPI */ = {
			isa = XCSwiftPackageProductDependency;
			package = 42F2B77D25706EFA002F60EC /* XCRemoteSwiftPackageReference "PokemonAPI" */;
			productName = PokemonAPI;
		};
/* End XCSwiftPackageProductDependency section */
	};
	rootObject = 42F2B76225706E0E002F60EC /* Project object */;
}
